// !$*UTF8*$!
{
	archiveVersion = 1;
	classes = {
	};
	objectVersion = 55;
	objects = {

/* Begin PBXBuildFile section */
		BE624C15272A2A6800B6ED72 /* CourseRow.swift in Sources */ = {isa = PBXBuildFile; fileRef = BE624C14272A2A6800B6ED72 /* CourseRow.swift */; };
		BE624C16272A2A6800B6ED72 /* CourseRow.swift in Sources */ = {isa = PBXBuildFile; fileRef = BE624C14272A2A6800B6ED72 /* CourseRow.swift */; };
		BE624C18272A2DAA00B6ED72 /* CoursesView.swift in Sources */ = {isa = PBXBuildFile; fileRef = BE624C17272A2DAA00B6ED72 /* CoursesView.swift */; };
		BE624C19272A2DAA00B6ED72 /* CoursesView.swift in Sources */ = {isa = PBXBuildFile; fileRef = BE624C17272A2DAA00B6ED72 /* CoursesView.swift */; };
		BE624C1E272A321D00B6ED72 /* SideBar.swift in Sources */ = {isa = PBXBuildFile; fileRef = BE624C1D272A321D00B6ED72 /* SideBar.swift */; };
		BE624C1F272A321D00B6ED72 /* SideBar.swift in Sources */ = {isa = PBXBuildFile; fileRef = BE624C1D272A321D00B6ED72 /* SideBar.swift */; };
		BE624C26272EDD6C00B6ED72 /* CourseList.swift in Sources */ = {isa = PBXBuildFile; fileRef = BE624C25272EDD6C00B6ED72 /* CourseList.swift */; };
		BE624C27272EDD6C00B6ED72 /* CourseList.swift in Sources */ = {isa = PBXBuildFile; fileRef = BE624C25272EDD6C00B6ED72 /* CourseList.swift */; };
		BE624C2927316AEF00B6ED72 /* CourseItem.swift in Sources */ = {isa = PBXBuildFile; fileRef = BE624C2827316AEF00B6ED72 /* CourseItem.swift */; };
		BE624C2A27316AEF00B6ED72 /* CourseItem.swift in Sources */ = {isa = PBXBuildFile; fileRef = BE624C2827316AEF00B6ED72 /* CourseItem.swift */; };
		BE624C2C27346EFE00B6ED72 /* Course.swift in Sources */ = {isa = PBXBuildFile; fileRef = BE624C2B27346EFE00B6ED72 /* Course.swift */; };
		BE624C2D27346EFE00B6ED72 /* Course.swift in Sources */ = {isa = PBXBuildFile; fileRef = BE624C2B27346EFE00B6ED72 /* Course.swift */; };
		BE624C302734AF6500B6ED72 /* CloseButton.swift in Sources */ = {isa = PBXBuildFile; fileRef = BE624C2F2734AF6500B6ED72 /* CloseButton.swift */; };
		BE624C312734AF6500B6ED72 /* CloseButton.swift in Sources */ = {isa = PBXBuildFile; fileRef = BE624C2F2734AF6500B6ED72 /* CloseButton.swift */; };
		BE624C33273608C400B6ED72 /* CourseDetail.swift in Sources */ = {isa = PBXBuildFile; fileRef = BE624C32273608C400B6ED72 /* CourseDetail.swift */; };
		BE624C34273608C400B6ED72 /* CourseDetail.swift in Sources */ = {isa = PBXBuildFile; fileRef = BE624C32273608C400B6ED72 /* CourseDetail.swift */; };
		BE624C3D27360A9100B6ED72 /* LivestreamSection.swift in Sources */ = {isa = PBXBuildFile; fileRef = BE624C3527360A9100B6ED72 /* LivestreamSection.swift */; };
		BE624C3E27360A9100B6ED72 /* LivestreamSection.swift in Sources */ = {isa = PBXBuildFile; fileRef = BE624C3527360A9100B6ED72 /* LivestreamSection.swift */; };
		BE624C3F27360A9100B6ED72 /* GradientModel.swift in Sources */ = {isa = PBXBuildFile; fileRef = BE624C3627360A9100B6ED72 /* GradientModel.swift */; };
		BE624C4027360A9100B6ED72 /* GradientModel.swift in Sources */ = {isa = PBXBuildFile; fileRef = BE624C3627360A9100B6ED72 /* GradientModel.swift */; };
		BE624C4127360A9100B6ED72 /* Tutorial.swift in Sources */ = {isa = PBXBuildFile; fileRef = BE624C3727360A9100B6ED72 /* Tutorial.swift */; };
		BE624C4227360A9100B6ED72 /* Tutorial.swift in Sources */ = {isa = PBXBuildFile; fileRef = BE624C3727360A9100B6ED72 /* Tutorial.swift */; };
		BE624C4327360A9100B6ED72 /* CourseSection.swift in Sources */ = {isa = PBXBuildFile; fileRef = BE624C3827360A9100B6ED72 /* CourseSection.swift */; };
		BE624C4427360A9100B6ED72 /* CourseSection.swift in Sources */ = {isa = PBXBuildFile; fileRef = BE624C3827360A9100B6ED72 /* CourseSection.swift */; };
		BE624C4727360A9100B6ED72 /* TutorialSection.swift in Sources */ = {isa = PBXBuildFile; fileRef = BE624C3A27360A9100B6ED72 /* TutorialSection.swift */; };
		BE624C4827360A9100B6ED72 /* TutorialSection.swift in Sources */ = {isa = PBXBuildFile; fileRef = BE624C3A27360A9100B6ED72 /* TutorialSection.swift */; };
		BE624C4927360A9100B6ED72 /* Download.swift in Sources */ = {isa = PBXBuildFile; fileRef = BE624C3B27360A9100B6ED72 /* Download.swift */; };
		BE624C4A27360A9100B6ED72 /* Download.swift in Sources */ = {isa = PBXBuildFile; fileRef = BE624C3B27360A9100B6ED72 /* Download.swift */; };
		BE624C4B27360A9100B6ED72 /* Livestream.swift in Sources */ = {isa = PBXBuildFile; fileRef = BE624C3C27360A9100B6ED72 /* Livestream.swift */; };
		BE624C4C27360A9100B6ED72 /* Livestream.swift in Sources */ = {isa = PBXBuildFile; fileRef = BE624C3C27360A9100B6ED72 /* Livestream.swift */; };
		BE624C4F2737249200B6ED72 /* VisualEffectBlur.swift in Sources */ = {isa = PBXBuildFile; fileRef = BE624C4E2737249200B6ED72 /* VisualEffectBlur.swift */; };
		BE624C512737250200B6ED72 /* VisualEffectBlur.swift in Sources */ = {isa = PBXBuildFile; fileRef = BE624C502737250200B6ED72 /* VisualEffectBlur.swift */; };
		BE624C532737567000B6ED72 /* TabBar.swift in Sources */ = {isa = PBXBuildFile; fileRef = BE624C522737567000B6ED72 /* TabBar.swift */; };
		BE624C5427375CEC00B6ED72 /* TabBar.swift in Sources */ = {isa = PBXBuildFile; fileRef = BE624C522737567000B6ED72 /* TabBar.swift */; };
		BE624C562737615600B6ED72 /* CourseSectionDetail.swift in Sources */ = {isa = PBXBuildFile; fileRef = BE624C552737615600B6ED72 /* CourseSectionDetail.swift */; };
		BE624C572737615600B6ED72 /* CourseSectionDetail.swift in Sources */ = {isa = PBXBuildFile; fileRef = BE624C552737615600B6ED72 /* CourseSectionDetail.swift */; };
		BE8EF96927263FBB00C1A256 /* Multiplatform_AppApp.swift in Sources */ = {isa = PBXBuildFile; fileRef = BE8EF95927263FBA00C1A256 /* Multiplatform_AppApp.swift */; };
		BE8EF96A27263FBB00C1A256 /* Multiplatform_AppApp.swift in Sources */ = {isa = PBXBuildFile; fileRef = BE8EF95927263FBA00C1A256 /* Multiplatform_AppApp.swift */; };
		BE8EF96B27263FBB00C1A256 /* ContentView.swift in Sources */ = {isa = PBXBuildFile; fileRef = BE8EF95A27263FBA00C1A256 /* ContentView.swift */; };
		BE8EF96C27263FBB00C1A256 /* ContentView.swift in Sources */ = {isa = PBXBuildFile; fileRef = BE8EF95A27263FBA00C1A256 /* ContentView.swift */; };
		BE8EF96D27263FBB00C1A256 /* Assets.xcassets in Resources */ = {isa = PBXBuildFile; fileRef = BE8EF95B27263FBB00C1A256 /* Assets.xcassets */; };
		BE8EF96E27263FBB00C1A256 /* Assets.xcassets in Resources */ = {isa = PBXBuildFile; fileRef = BE8EF95B27263FBB00C1A256 /* Assets.xcassets */; };
/* End PBXBuildFile section */

/* Begin PBXFileReference section */
		BE624C14272A2A6800B6ED72 /* CourseRow.swift */ = {isa = PBXFileReference; lastKnownFileType = sourcecode.swift; path = CourseRow.swift; sourceTree = "<group>"; };
		BE624C17272A2DAA00B6ED72 /* CoursesView.swift */ = {isa = PBXFileReference; lastKnownFileType = sourcecode.swift; path = CoursesView.swift; sourceTree = "<group>"; };
		BE624C1D272A321D00B6ED72 /* SideBar.swift */ = {isa = PBXFileReference; lastKnownFileType = sourcecode.swift; path = SideBar.swift; sourceTree = "<group>"; };
		BE624C25272EDD6C00B6ED72 /* CourseList.swift */ = {isa = PBXFileReference; lastKnownFileType = sourcecode.swift; path = CourseList.swift; sourceTree = "<group>"; };
		BE624C2827316AEF00B6ED72 /* CourseItem.swift */ = {isa = PBXFileReference; lastKnownFileType = sourcecode.swift; path = CourseItem.swift; sourceTree = "<group>"; };
		BE624C2B27346EFE00B6ED72 /* Course.swift */ = {isa = PBXFileReference; lastKnownFileType = sourcecode.swift; path = Course.swift; sourceTree = "<group>"; };
		BE624C2F2734AF6500B6ED72 /* CloseButton.swift */ = {isa = PBXFileReference; lastKnownFileType = sourcecode.swift; path = CloseButton.swift; sourceTree = "<group>"; };
		BE624C32273608C400B6ED72 /* CourseDetail.swift */ = {isa = PBXFileReference; lastKnownFileType = sourcecode.swift; path = CourseDetail.swift; sourceTree = "<group>"; };
		BE624C3527360A9100B6ED72 /* LivestreamSection.swift */ = {isa = PBXFileReference; fileEncoding = 4; lastKnownFileType = sourcecode.swift; path = LivestreamSection.swift; sourceTree = "<group>"; };
		BE624C3627360A9100B6ED72 /* GradientModel.swift */ = {isa = PBXFileReference; fileEncoding = 4; lastKnownFileType = sourcecode.swift; path = GradientModel.swift; sourceTree = "<group>"; };
		BE624C3727360A9100B6ED72 /* Tutorial.swift */ = {isa = PBXFileReference; fileEncoding = 4; lastKnownFileType = sourcecode.swift; path = Tutorial.swift; sourceTree = "<group>"; };
		BE624C3827360A9100B6ED72 /* CourseSection.swift */ = {isa = PBXFileReference; fileEncoding = 4; lastKnownFileType = sourcecode.swift; path = CourseSection.swift; sourceTree = "<group>"; };
		BE624C3A27360A9100B6ED72 /* TutorialSection.swift */ = {isa = PBXFileReference; fileEncoding = 4; lastKnownFileType = sourcecode.swift; path = TutorialSection.swift; sourceTree = "<group>"; };
		BE624C3B27360A9100B6ED72 /* Download.swift */ = {isa = PBXFileReference; fileEncoding = 4; lastKnownFileType = sourcecode.swift; path = Download.swift; sourceTree = "<group>"; };
		BE624C3C27360A9100B6ED72 /* Livestream.swift */ = {isa = PBXFileReference; fileEncoding = 4; lastKnownFileType = sourcecode.swift; path = Livestream.swift; sourceTree = "<group>"; };
		BE624C4E2737249200B6ED72 /* VisualEffectBlur.swift */ = {isa = PBXFileReference; fileEncoding = 4; lastKnownFileType = sourcecode.swift; path = VisualEffectBlur.swift; sourceTree = "<group>"; };
		BE624C502737250200B6ED72 /* VisualEffectBlur.swift */ = {isa = PBXFileReference; fileEncoding = 4; lastKnownFileType = sourcecode.swift; path = VisualEffectBlur.swift; sourceTree = "<group>"; };
		BE624C522737567000B6ED72 /* TabBar.swift */ = {isa = PBXFileReference; lastKnownFileType = sourcecode.swift; path = TabBar.swift; sourceTree = "<group>"; };
		BE624C552737615600B6ED72 /* CourseSectionDetail.swift */ = {isa = PBXFileReference; lastKnownFileType = sourcecode.swift; path = CourseSectionDetail.swift; sourceTree = "<group>"; };
		BE8EF95927263FBA00C1A256 /* Multiplatform_AppApp.swift */ = {isa = PBXFileReference; lastKnownFileType = sourcecode.swift; path = Multiplatform_AppApp.swift; sourceTree = "<group>"; };
		BE8EF95A27263FBA00C1A256 /* ContentView.swift */ = {isa = PBXFileReference; lastKnownFileType = sourcecode.swift; path = ContentView.swift; sourceTree = "<group>"; };
		BE8EF95B27263FBB00C1A256 /* Assets.xcassets */ = {isa = PBXFileReference; lastKnownFileType = folder.assetcatalog; path = Assets.xcassets; sourceTree = "<group>"; };
		BE8EF96027263FBB00C1A256 /* Multiplatform App.app */ = {isa = PBXFileReference; explicitFileType = wrapper.application; includeInIndex = 0; path = "Multiplatform App.app"; sourceTree = BUILT_PRODUCTS_DIR; };
		BE8EF96627263FBB00C1A256 /* Multiplatform App.app */ = {isa = PBXFileReference; explicitFileType = wrapper.application; includeInIndex = 0; path = "Multiplatform App.app"; sourceTree = BUILT_PRODUCTS_DIR; };
		BE8EF96827263FBB00C1A256 /* macOS.entitlements */ = {isa = PBXFileReference; lastKnownFileType = text.plist.entitlements; path = macOS.entitlements; sourceTree = "<group>"; };
/* End PBXFileReference section */

/* Begin PBXFrameworksBuildPhase section */
		BE8EF95D27263FBB00C1A256 /* Frameworks */ = {
			isa = PBXFrameworksBuildPhase;
			buildActionMask = 2147483647;
			files = (
			);
			runOnlyForDeploymentPostprocessing = 0;
		};
		BE8EF96327263FBB00C1A256 /* Frameworks */ = {
			isa = PBXFrameworksBuildPhase;
			buildActionMask = 2147483647;
			files = (
			);
			runOnlyForDeploymentPostprocessing = 0;
		};
/* End PBXFrameworksBuildPhase section */

/* Begin PBXGroup section */
		BE624C23272EDC9600B6ED72 /* Navigation */ = {
			isa = PBXGroup;
			children = (
				BE8EF95A27263FBA00C1A256 /* ContentView.swift */,
				BE624C1D272A321D00B6ED72 /* SideBar.swift */,
			);
			path = Navigation;
			sourceTree = "<group>";
		};
		BE624C24272EDCC100B6ED72 /* Items */ = {
			isa = PBXGroup;
			children = (
				BE624C2827316AEF00B6ED72 /* CourseItem.swift */,
				BE624C14272A2A6800B6ED72 /* CourseRow.swift */,
			);
			path = Items;
			sourceTree = "<group>";
		};
		BE624C2E27349FFB00B6ED72 /* Model */ = {
			isa = PBXGroup;
			children = (
				BE624C2B27346EFE00B6ED72 /* Course.swift */,
				BE624C3827360A9100B6ED72 /* CourseSection.swift */,
				BE624C3B27360A9100B6ED72 /* Download.swift */,
				BE624C3627360A9100B6ED72 /* GradientModel.swift */,
				BE624C3C27360A9100B6ED72 /* Livestream.swift */,
				BE624C3527360A9100B6ED72 /* LivestreamSection.swift */,
				BE624C3727360A9100B6ED72 /* Tutorial.swift */,
				BE624C3A27360A9100B6ED72 /* TutorialSection.swift */,
			);
			path = Model;
			sourceTree = "<group>";
		};
		BE624C4D2737249200B6ED72 /* iOS */ = {
			isa = PBXGroup;
			children = (
				BE624C4E2737249200B6ED72 /* VisualEffectBlur.swift */,
			);
			path = iOS;
			sourceTree = "<group>";
		};
		BE8EF95327263FBA00C1A256 = {
			isa = PBXGroup;
			children = (
				BE8EF95827263FBA00C1A256 /* Shared */,
				BE8EF96127263FBB00C1A256 /* Products */,
			);
			sourceTree = "<group>";
		};
		BE8EF95827263FBA00C1A256 /* Shared */ = {
			isa = PBXGroup;
			children = (
				BE8EF95927263FBA00C1A256 /* Multiplatform_AppApp.swift */,
				BE624C522737567000B6ED72 /* TabBar.swift */,
				BE624C23272EDC9600B6ED72 /* Navigation */,
				BE624C2E27349FFB00B6ED72 /* Model */,
				BE624C24272EDCC100B6ED72 /* Items */,
				BE624C17272A2DAA00B6ED72 /* CoursesView.swift */,
				BE624C32273608C400B6ED72 /* CourseDetail.swift */,
				BE624C552737615600B6ED72 /* CourseSectionDetail.swift */,
				BE624C2F2734AF6500B6ED72 /* CloseButton.swift */,
				BE624C25272EDD6C00B6ED72 /* CourseList.swift */,
				BE8EF95B27263FBB00C1A256 /* Assets.xcassets */,
				BE624C4D2737249200B6ED72 /* iOS */,
				BE8EF96727263FBB00C1A256 /* macOS */,
			);
			path = Shared;
			sourceTree = "<group>";
		};
		BE8EF96127263FBB00C1A256 /* Products */ = {
			isa = PBXGroup;
			children = (
				BE8EF96027263FBB00C1A256 /* Multiplatform App.app */,
				BE8EF96627263FBB00C1A256 /* Multiplatform App.app */,
			);
			name = Products;
			sourceTree = "<group>";
		};
		BE8EF96727263FBB00C1A256 /* macOS */ = {
			isa = PBXGroup;
			children = (
				BE624C502737250200B6ED72 /* VisualEffectBlur.swift */,
				BE8EF96827263FBB00C1A256 /* macOS.entitlements */,
			);
			path = macOS;
			sourceTree = "<group>";
		};
/* End PBXGroup section */

/* Begin PBXNativeTarget section */
		BE8EF95F27263FBB00C1A256 /* Multiplatform App (iOS) */ = {
			isa = PBXNativeTarget;
			buildConfigurationList = BE8EF97127263FBB00C1A256 /* Build configuration list for PBXNativeTarget "Multiplatform App (iOS)" */;
			buildPhases = (
				BE8EF95C27263FBB00C1A256 /* Sources */,
				BE8EF95D27263FBB00C1A256 /* Frameworks */,
				BE8EF95E27263FBB00C1A256 /* Resources */,
			);
			buildRules = (
			);
			dependencies = (
			);
			name = "Multiplatform App (iOS)";
			productName = "Multiplatform App (iOS)";
			productReference = BE8EF96027263FBB00C1A256 /* Multiplatform App.app */;
			productType = "com.apple.product-type.application";
		};
		BE8EF96527263FBB00C1A256 /* Multiplatform App (macOS) */ = {
			isa = PBXNativeTarget;
			buildConfigurationList = BE8EF97427263FBB00C1A256 /* Build configuration list for PBXNativeTarget "Multiplatform App (macOS)" */;
			buildPhases = (
				BE8EF96227263FBB00C1A256 /* Sources */,
				BE8EF96327263FBB00C1A256 /* Frameworks */,
				BE8EF96427263FBB00C1A256 /* Resources */,
			);
			buildRules = (
			);
			dependencies = (
			);
			name = "Multiplatform App (macOS)";
			productName = "Multiplatform App (macOS)";
			productReference = BE8EF96627263FBB00C1A256 /* Multiplatform App.app */;
			productType = "com.apple.product-type.application";
		};
/* End PBXNativeTarget section */

/* Begin PBXProject section */
		BE8EF95427263FBA00C1A256 /* Project object */ = {
			isa = PBXProject;
			attributes = {
				BuildIndependentTargetsInParallel = 1;
				LastSwiftUpdateCheck = 1300;
				LastUpgradeCheck = 1310;
				TargetAttributes = {
					BE8EF95F27263FBB00C1A256 = {
						CreatedOnToolsVersion = 13.0;
					};
					BE8EF96527263FBB00C1A256 = {
						CreatedOnToolsVersion = 13.0;
					};
				};
			};
			buildConfigurationList = BE8EF95727263FBA00C1A256 /* Build configuration list for PBXProject "Multiplatform App" */;
			compatibilityVersion = "Xcode 13.0";
			developmentRegion = en;
			hasScannedForEncodings = 0;
			knownRegions = (
				en,
				Base,
			);
			mainGroup = BE8EF95327263FBA00C1A256;
			productRefGroup = BE8EF96127263FBB00C1A256 /* Products */;
			projectDirPath = "";
			projectRoot = "";
			targets = (
				BE8EF95F27263FBB00C1A256 /* Multiplatform App (iOS) */,
				BE8EF96527263FBB00C1A256 /* Multiplatform App (macOS) */,
			);
		};
/* End PBXProject section */

/* Begin PBXResourcesBuildPhase section */
		BE8EF95E27263FBB00C1A256 /* Resources */ = {
			isa = PBXResourcesBuildPhase;
			buildActionMask = 2147483647;
			files = (
				BE8EF96D27263FBB00C1A256 /* Assets.xcassets in Resources */,
			);
			runOnlyForDeploymentPostprocessing = 0;
		};
		BE8EF96427263FBB00C1A256 /* Resources */ = {
			isa = PBXResourcesBuildPhase;
			buildActionMask = 2147483647;
			files = (
				BE8EF96E27263FBB00C1A256 /* Assets.xcassets in Resources */,
			);
			runOnlyForDeploymentPostprocessing = 0;
		};
/* End PBXResourcesBuildPhase section */

/* Begin PBXSourcesBuildPhase section */
		BE8EF95C27263FBB00C1A256 /* Sources */ = {
			isa = PBXSourcesBuildPhase;
			buildActionMask = 2147483647;
			files = (
				BE624C2C27346EFE00B6ED72 /* Course.swift in Sources */,
				BE624C562737615600B6ED72 /* CourseSectionDetail.swift in Sources */,
				BE624C3D27360A9100B6ED72 /* LivestreamSection.swift in Sources */,
				BE624C532737567000B6ED72 /* TabBar.swift in Sources */,
				BE624C1E272A321D00B6ED72 /* SideBar.swift in Sources */,
				BE8EF96B27263FBB00C1A256 /* ContentView.swift in Sources */,
				BE624C33273608C400B6ED72 /* CourseDetail.swift in Sources */,
				BE624C3F27360A9100B6ED72 /* GradientModel.swift in Sources */,
				BE624C4127360A9100B6ED72 /* Tutorial.swift in Sources */,
				BE624C302734AF6500B6ED72 /* CloseButton.swift in Sources */,
				BE624C4927360A9100B6ED72 /* Download.swift in Sources */,
				BE624C2927316AEF00B6ED72 /* CourseItem.swift in Sources */,
				BE624C4727360A9100B6ED72 /* TutorialSection.swift in Sources */,
				BE624C15272A2A6800B6ED72 /* CourseRow.swift in Sources */,
				BE8EF96927263FBB00C1A256 /* Multiplatform_AppApp.swift in Sources */,
				BE624C4B27360A9100B6ED72 /* Livestream.swift in Sources */,
				BE624C18272A2DAA00B6ED72 /* CoursesView.swift in Sources */,
				BE624C4F2737249200B6ED72 /* VisualEffectBlur.swift in Sources */,
				BE624C4327360A9100B6ED72 /* CourseSection.swift in Sources */,
				BE624C26272EDD6C00B6ED72 /* CourseList.swift in Sources */,
			);
			runOnlyForDeploymentPostprocessing = 0;
		};
		BE8EF96227263FBB00C1A256 /* Sources */ = {
			isa = PBXSourcesBuildPhase;
			buildActionMask = 2147483647;
			files = (
				BE624C2D27346EFE00B6ED72 /* Course.swift in Sources */,
				BE624C572737615600B6ED72 /* CourseSectionDetail.swift in Sources */,
				BE624C3E27360A9100B6ED72 /* LivestreamSection.swift in Sources */,
				BE624C5427375CEC00B6ED72 /* TabBar.swift in Sources */,
				BE624C1F272A321D00B6ED72 /* SideBar.swift in Sources */,
				BE8EF96C27263FBB00C1A256 /* ContentView.swift in Sources */,
				BE624C34273608C400B6ED72 /* CourseDetail.swift in Sources */,
				BE624C4027360A9100B6ED72 /* GradientModel.swift in Sources */,
				BE624C4227360A9100B6ED72 /* Tutorial.swift in Sources */,
				BE624C312734AF6500B6ED72 /* CloseButton.swift in Sources */,
				BE624C4A27360A9100B6ED72 /* Download.swift in Sources */,
				BE624C2A27316AEF00B6ED72 /* CourseItem.swift in Sources */,
				BE624C4827360A9100B6ED72 /* TutorialSection.swift in Sources */,
				BE624C16272A2A6800B6ED72 /* CourseRow.swift in Sources */,
				BE8EF96A27263FBB00C1A256 /* Multiplatform_AppApp.swift in Sources */,
				BE624C4C27360A9100B6ED72 /* Livestream.swift in Sources */,
				BE624C19272A2DAA00B6ED72 /* CoursesView.swift in Sources */,
				BE624C512737250200B6ED72 /* VisualEffectBlur.swift in Sources */,
				BE624C4427360A9100B6ED72 /* CourseSection.swift in Sources */,
				BE624C27272EDD6C00B6ED72 /* CourseList.swift in Sources */,
			);
			runOnlyForDeploymentPostprocessing = 0;
		};
/* End PBXSourcesBuildPhase section */

/* Begin XCBuildConfiguration section */
		BE8EF96F27263FBB00C1A256 /* Debug */ = {
			isa = XCBuildConfiguration;
			buildSettings = {
				ALWAYS_SEARCH_USER_PATHS = NO;
				CLANG_ANALYZER_NONNULL = YES;
				CLANG_ANALYZER_NUMBER_OBJECT_CONVERSION = YES_AGGRESSIVE;
				CLANG_CXX_LANGUAGE_STANDARD = "gnu++17";
				CLANG_CXX_LIBRARY = "libc++";
				CLANG_ENABLE_MODULES = YES;
				CLANG_ENABLE_OBJC_ARC = YES;
				CLANG_ENABLE_OBJC_WEAK = YES;
				CLANG_WARN_BLOCK_CAPTURE_AUTORELEASING = YES;
				CLANG_WARN_BOOL_CONVERSION = YES;
				CLANG_WARN_COMMA = YES;
				CLANG_WARN_CONSTANT_CONVERSION = YES;
				CLANG_WARN_DEPRECATED_OBJC_IMPLEMENTATIONS = YES;
				CLANG_WARN_DIRECT_OBJC_ISA_USAGE = YES_ERROR;
				CLANG_WARN_DOCUMENTATION_COMMENTS = YES;
				CLANG_WARN_EMPTY_BODY = YES;
				CLANG_WARN_ENUM_CONVERSION = YES;
				CLANG_WARN_INFINITE_RECURSION = YES;
				CLANG_WARN_INT_CONVERSION = YES;
				CLANG_WARN_NON_LITERAL_NULL_CONVERSION = YES;
				CLANG_WARN_OBJC_IMPLICIT_RETAIN_SELF = YES;
				CLANG_WARN_OBJC_LITERAL_CONVERSION = YES;
				CLANG_WARN_OBJC_ROOT_CLASS = YES_ERROR;
				CLANG_WARN_QUOTED_INCLUDE_IN_FRAMEWORK_HEADER = YES;
				CLANG_WARN_RANGE_LOOP_ANALYSIS = YES;
				CLANG_WARN_STRICT_PROTOTYPES = YES;
				CLANG_WARN_SUSPICIOUS_MOVE = YES;
				CLANG_WARN_UNGUARDED_AVAILABILITY = YES_AGGRESSIVE;
				CLANG_WARN_UNREACHABLE_CODE = YES;
				CLANG_WARN__DUPLICATE_METHOD_MATCH = YES;
				COPY_PHASE_STRIP = NO;
				DEBUG_INFORMATION_FORMAT = dwarf;
				ENABLE_STRICT_OBJC_MSGSEND = YES;
				ENABLE_TESTABILITY = YES;
				GCC_C_LANGUAGE_STANDARD = gnu11;
				GCC_DYNAMIC_NO_PIC = NO;
				GCC_NO_COMMON_BLOCKS = YES;
				GCC_OPTIMIZATION_LEVEL = 0;
				GCC_PREPROCESSOR_DEFINITIONS = (
					"DEBUG=1",
					"$(inherited)",
				);
				GCC_WARN_64_TO_32_BIT_CONVERSION = YES;
				GCC_WARN_ABOUT_RETURN_TYPE = YES_ERROR;
				GCC_WARN_UNDECLARED_SELECTOR = YES;
				GCC_WARN_UNINITIALIZED_AUTOS = YES_AGGRESSIVE;
				GCC_WARN_UNUSED_FUNCTION = YES;
				GCC_WARN_UNUSED_VARIABLE = YES;
				MTL_ENABLE_DEBUG_INFO = INCLUDE_SOURCE;
				MTL_FAST_MATH = YES;
				ONLY_ACTIVE_ARCH = YES;
				SWIFT_ACTIVE_COMPILATION_CONDITIONS = DEBUG;
				SWIFT_OPTIMIZATION_LEVEL = "-Onone";
			};
			name = Debug;
		};
		BE8EF97027263FBB00C1A256 /* Release */ = {
			isa = XCBuildConfiguration;
			buildSettings = {
				ALWAYS_SEARCH_USER_PATHS = NO;
				CLANG_ANALYZER_NONNULL = YES;
				CLANG_ANALYZER_NUMBER_OBJECT_CONVERSION = YES_AGGRESSIVE;
				CLANG_CXX_LANGUAGE_STANDARD = "gnu++17";
				CLANG_CXX_LIBRARY = "libc++";
				CLANG_ENABLE_MODULES = YES;
				CLANG_ENABLE_OBJC_ARC = YES;
				CLANG_ENABLE_OBJC_WEAK = YES;
				CLANG_WARN_BLOCK_CAPTURE_AUTORELEASING = YES;
				CLANG_WARN_BOOL_CONVERSION = YES;
				CLANG_WARN_COMMA = YES;
				CLANG_WARN_CONSTANT_CONVERSION = YES;
				CLANG_WARN_DEPRECATED_OBJC_IMPLEMENTATIONS = YES;
				CLANG_WARN_DIRECT_OBJC_ISA_USAGE = YES_ERROR;
				CLANG_WARN_DOCUMENTATION_COMMENTS = YES;
				CLANG_WARN_EMPTY_BODY = YES;
				CLANG_WARN_ENUM_CONVERSION = YES;
				CLANG_WARN_INFINITE_RECURSION = YES;
				CLANG_WARN_INT_CONVERSION = YES;
				CLANG_WARN_NON_LITERAL_NULL_CONVERSION = YES;
				CLANG_WARN_OBJC_IMPLICIT_RETAIN_SELF = YES;
				CLANG_WARN_OBJC_LITERAL_CONVERSION = YES;
				CLANG_WARN_OBJC_ROOT_CLASS = YES_ERROR;
				CLANG_WARN_QUOTED_INCLUDE_IN_FRAMEWORK_HEADER = YES;
				CLANG_WARN_RANGE_LOOP_ANALYSIS = YES;
				CLANG_WARN_STRICT_PROTOTYPES = YES;
				CLANG_WARN_SUSPICIOUS_MOVE = YES;
				CLANG_WARN_UNGUARDED_AVAILABILITY = YES_AGGRESSIVE;
				CLANG_WARN_UNREACHABLE_CODE = YES;
				CLANG_WARN__DUPLICATE_METHOD_MATCH = YES;
				COPY_PHASE_STRIP = NO;
				DEBUG_INFORMATION_FORMAT = "dwarf-with-dsym";
				ENABLE_NS_ASSERTIONS = NO;
				ENABLE_STRICT_OBJC_MSGSEND = YES;
				GCC_C_LANGUAGE_STANDARD = gnu11;
				GCC_NO_COMMON_BLOCKS = YES;
				GCC_WARN_64_TO_32_BIT_CONVERSION = YES;
				GCC_WARN_ABOUT_RETURN_TYPE = YES_ERROR;
				GCC_WARN_UNDECLARED_SELECTOR = YES;
				GCC_WARN_UNINITIALIZED_AUTOS = YES_AGGRESSIVE;
				GCC_WARN_UNUSED_FUNCTION = YES;
				GCC_WARN_UNUSED_VARIABLE = YES;
				MTL_ENABLE_DEBUG_INFO = NO;
				MTL_FAST_MATH = YES;
				SWIFT_COMPILATION_MODE = wholemodule;
				SWIFT_OPTIMIZATION_LEVEL = "-O";
			};
			name = Release;
		};
		BE8EF97227263FBB00C1A256 /* Debug */ = {
			isa = XCBuildConfiguration;
			buildSettings = {
				ASSETCATALOG_COMPILER_APPICON_NAME = AppIcon;
				ASSETCATALOG_COMPILER_GLOBAL_ACCENT_COLOR_NAME = AccentColor;
				CODE_SIGN_STYLE = Automatic;
				CURRENT_PROJECT_VERSION = 1;
				DEVELOPMENT_TEAM = 2HZ25JCRN5;
				ENABLE_PREVIEWS = YES;
				GENERATE_INFOPLIST_FILE = YES;
				INFOPLIST_KEY_UIApplicationSceneManifest_Generation = YES;
				INFOPLIST_KEY_UIApplicationSupportsIndirectInputEvents = YES;
				INFOPLIST_KEY_UILaunchScreen_Generation = YES;
				INFOPLIST_KEY_UISupportedInterfaceOrientations_iPad = "UIInterfaceOrientationPortrait UIInterfaceOrientationPortraitUpsideDown UIInterfaceOrientationLandscapeLeft UIInterfaceOrientationLandscapeRight";
				INFOPLIST_KEY_UISupportedInterfaceOrientations_iPhone = "UIInterfaceOrientationPortrait UIInterfaceOrientationLandscapeLeft UIInterfaceOrientationLandscapeRight";
				IPHONEOS_DEPLOYMENT_TARGET = 14.0;
				LD_RUNPATH_SEARCH_PATHS = (
					"$(inherited)",
					"@executable_path/Frameworks",
				);
				MARKETING_VERSION = 1.0;
				PRODUCT_BUNDLE_IDENTIFIER = "io.henriquebittencourt.com.Multiplatform-App";
				PRODUCT_NAME = "Multiplatform App";
				SDKROOT = iphoneos;
				SWIFT_EMIT_LOC_STRINGS = YES;
				SWIFT_VERSION = 5.0;
				TARGETED_DEVICE_FAMILY = "1,2";
			};
			name = Debug;
		};
		BE8EF97327263FBB00C1A256 /* Release */ = {
			isa = XCBuildConfiguration;
			buildSettings = {
				ASSETCATALOG_COMPILER_APPICON_NAME = AppIcon;
				ASSETCATALOG_COMPILER_GLOBAL_ACCENT_COLOR_NAME = AccentColor;
				CODE_SIGN_STYLE = Automatic;
				CURRENT_PROJECT_VERSION = 1;
				DEVELOPMENT_TEAM = 2HZ25JCRN5;
				ENABLE_PREVIEWS = YES;
				GENERATE_INFOPLIST_FILE = YES;
				INFOPLIST_KEY_UIApplicationSceneManifest_Generation = YES;
				INFOPLIST_KEY_UIApplicationSupportsIndirectInputEvents = YES;
				INFOPLIST_KEY_UILaunchScreen_Generation = YES;
				INFOPLIST_KEY_UISupportedInterfaceOrientations_iPad = "UIInterfaceOrientationPortrait UIInterfaceOrientationPortraitUpsideDown UIInterfaceOrientationLandscapeLeft UIInterfaceOrientationLandscapeRight";
				INFOPLIST_KEY_UISupportedInterfaceOrientations_iPhone = "UIInterfaceOrientationPortrait UIInterfaceOrientationLandscapeLeft UIInterfaceOrientationLandscapeRight";
				IPHONEOS_DEPLOYMENT_TARGET = 14.0;
				LD_RUNPATH_SEARCH_PATHS = (
					"$(inherited)",
					"@executable_path/Frameworks",
				);
				MARKETING_VERSION = 1.0;
				PRODUCT_BUNDLE_IDENTIFIER = "io.henriquebittencourt.com.Multiplatform-App";
				PRODUCT_NAME = "Multiplatform App";
				SDKROOT = iphoneos;
				SWIFT_EMIT_LOC_STRINGS = YES;
				SWIFT_VERSION = 5.0;
				TARGETED_DEVICE_FAMILY = "1,2";
				VALIDATE_PRODUCT = YES;
			};
			name = Release;
		};
		BE8EF97527263FBB00C1A256 /* Debug */ = {
			isa = XCBuildConfiguration;
			buildSettings = {
				ASSETCATALOG_COMPILER_APPICON_NAME = AppIcon;
				ASSETCATALOG_COMPILER_GLOBAL_ACCENT_COLOR_NAME = AccentColor;
				CODE_SIGN_ENTITLEMENTS = macOS/macOS.entitlements;
				CODE_SIGN_IDENTITY = "-";
				CODE_SIGN_STYLE = Automatic;
				COMBINE_HIDPI_IMAGES = YES;
				CURRENT_PROJECT_VERSION = 1;
				DEVELOPMENT_TEAM = 2HZ25JCRN5;
				ENABLE_HARDENED_RUNTIME = YES;
				ENABLE_PREVIEWS = YES;
				GENERATE_INFOPLIST_FILE = YES;
				INFOPLIST_KEY_NSHumanReadableCopyright = "";
				LD_RUNPATH_SEARCH_PATHS = (
					"$(inherited)",
					"@executable_path/../Frameworks",
				);
				MACOSX_DEPLOYMENT_TARGET = 11.0;
				MARKETING_VERSION = 1.0;
				PRODUCT_BUNDLE_IDENTIFIER = "io.henriquebittencourt.com.Multiplatform-App";
				PRODUCT_NAME = "Multiplatform App";
				SDKROOT = macosx;
				SWIFT_EMIT_LOC_STRINGS = YES;
				SWIFT_VERSION = 5.0;
			};
			name = Debug;
		};
		BE8EF97627263FBB00C1A256 /* Release */ = {
			isa = XCBuildConfiguration;
			buildSettings = {
				ASSETCATALOG_COMPILER_APPICON_NAME = AppIcon;
				ASSETCATALOG_COMPILER_GLOBAL_ACCENT_COLOR_NAME = AccentColor;
				CODE_SIGN_ENTITLEMENTS = macOS/macOS.entitlements;
				CODE_SIGN_IDENTITY = "-";
				CODE_SIGN_STYLE = Automatic;
				COMBINE_HIDPI_IMAGES = YES;
				CURRENT_PROJECT_VERSION = 1;
				DEVELOPMENT_TEAM = 2HZ25JCRN5;
				ENABLE_HARDENED_RUNTIME = YES;
				ENABLE_PREVIEWS = YES;
				GENERATE_INFOPLIST_FILE = YES;
				INFOPLIST_KEY_NSHumanReadableCopyright = "";
				LD_RUNPATH_SEARCH_PATHS = (
					"$(inherited)",
					"@executable_path/../Frameworks",
				);
				MACOSX_DEPLOYMENT_TARGET = 11.0;
				MARKETING_VERSION = 1.0;
				PRODUCT_BUNDLE_IDENTIFIER = "io.henriquebittencourt.com.Multiplatform-App";
				PRODUCT_NAME = "Multiplatform App";
				SDKROOT = macosx;
				SWIFT_EMIT_LOC_STRINGS = YES;
				SWIFT_VERSION = 5.0;
			};
			name = Release;
		};
/* End XCBuildConfiguration section */

/* Begin XCConfigurationList section */
		BE8EF95727263FBA00C1A256 /* Build configuration list for PBXProject "Multiplatform App" */ = {
			isa = XCConfigurationList;
			buildConfigurations = (
				BE8EF96F27263FBB00C1A256 /* Debug */,
				BE8EF97027263FBB00C1A256 /* Release */,
			);
			defaultConfigurationIsVisible = 0;
			defaultConfigurationName = Release;
		};
		BE8EF97127263FBB00C1A256 /* Build configuration list for PBXNativeTarget "Multiplatform App (iOS)" */ = {
			isa = XCConfigurationList;
			buildConfigurations = (
				BE8EF97227263FBB00C1A256 /* Debug */,
				BE8EF97327263FBB00C1A256 /* Release */,
			);
			defaultConfigurationIsVisible = 0;
			defaultConfigurationName = Release;
		};
		BE8EF97427263FBB00C1A256 /* Build configuration list for PBXNativeTarget "Multiplatform App (macOS)" */ = {
			isa = XCConfigurationList;
			buildConfigurations = (
				BE8EF97527263FBB00C1A256 /* Debug */,
				BE8EF97627263FBB00C1A256 /* Release */,
			);
			defaultConfigurationIsVisible = 0;
			defaultConfigurationName = Release;
		};
/* End XCConfigurationList section */
	};
	rootObject = BE8EF95427263FBA00C1A256 /* Project object */;
}
